
Microsoft Visual Studio Solution File, Format Version 12.00
# Visual Studio 15
VisualStudioVersion = 15.0.27130.2036
MinimumVisualStudioVersion = 10.0.40219.1
Project("{FAE04EC0-301F-11D3-BF4B-00C04F79EFBC}") = "YM.Json", "YM.Json\YM.Json.csproj", "{D9038D7B-2E48-4EAB-BE2E-6EA1E93EDAFA}"
EndProject
Project("{FAE04EC0-301F-11D3-BF4B-00C04F79EFBC}") = "YM.Json.Tests", "YM.Json.Tests\YM.Json.Tests.csproj", "{89794E99-06DD-4461-BCA5-449F96A8CF54}"
EndProject
Project("{FAE04EC0-301F-11D3-BF4B-00C04F79EFBC}") = "YM.Json.Tests.ConsoleApp", "YM.Json.Tests.Console\YM.Json.Tests.ConsoleApp.csproj", "{B86B8A80-4918-4830-93DA-56581D3418A2}"
EndProject
Global
	GlobalSection(SolutionConfigurationPlatforms) = preSolution
		Debug|Any CPU = Debug|Any CPU
		Release|Any CPU = Release|Any CPU
	EndGlobalSection
	GlobalSection(ProjectConfigurationPlatforms) = postSolution
		{D9038D7B-2E48-4EAB-BE2E-6EA1E93EDAFA}.Debug|Any CPU.ActiveCfg = Debug|Any CPU
		{D9038D7B-2E48-4EAB-BE2E-6EA1E93EDAFA}.Debug|Any CPU.Build.0 = Debug|Any CPU
		{D9038D7B-2E48-4EAB-BE2E-6EA1E93EDAFA}.Release|Any CPU.ActiveCfg = Release|Any CPU
		{D9038D7B-2E48-4EAB-BE2E-6EA1E93EDAFA}.Release|Any CPU.Build.0 = Release|Any CPU
		{89794E99-06DD-4461-BCA5-449F96A8CF54}.Debug|Any CPU.ActiveCfg = Debug|Any CPU
		{89794E99-06DD-4461-BCA5-449F96A8CF54}.Debug|Any CPU.Build.0 = Debug|Any CPU
		{89794E99-06DD-4461-BCA5-449F96A8CF54}.Release|Any CPU.ActiveCfg = Release|Any CPU
		{89794E99-06DD-4461-BCA5-449F96A8CF54}.Release|Any CPU.Build.0 = Release|Any CPU
		{B86B8A80-4918-4830-93DA-56581D3418A2}.Debug|Any CPU.ActiveCfg = Debug|Any CPU
		{B86B8A80-4918-4830-93DA-56581D3418A2}.Debug|Any CPU.Build.0 = Debug|Any CPU
		{B86B8A80-4918-4830-93DA-56581D3418A2}.Release|Any CPU.ActiveCfg = Release|Any CPU
		{B86B8A80-4918-4830-93DA-56581D3418A2}.Release|Any CPU.Build.0 = Release|Any CPU
	EndGlobalSection
	GlobalSection(SolutionProperties) = preSolution
		HideSolutionNode = FALSE
	EndGlobalSection
	GlobalSection(ExtensibilityGlobals) = postSolution
		SolutionGuid = {8622E54C-E6F6-4CD5-A44F-4A80B0B702AC}
	EndGlobalSection
EndGlobal
